// !$*UTF8*$!
{
	archiveVersion = 1;
	classes = {
	};
	objectVersion = 56;
	objects = {

/* Begin PBXBuildFile section */
		8AACE4292C0C0B6000407868 /* SwiftUI3rdComponentApp.swift in Sources */ = {isa = PBXBuildFile; fileRef = 8AACE4282C0C0B6000407868 /* SwiftUI3rdComponentApp.swift */; };
		8AACE42B2C0C0B6000407868 /* ContentView.swift in Sources */ = {isa = PBXBuildFile; fileRef = 8AACE42A2C0C0B6000407868 /* ContentView.swift */; };
		8AACE42D2C0C0B6100407868 /* Assets.xcassets in Resources */ = {isa = PBXBuildFile; fileRef = 8AACE42C2C0C0B6100407868 /* Assets.xcassets */; };
		8AACE4302C0C0B6100407868 /* Preview Assets.xcassets in Resources */ = {isa = PBXBuildFile; fileRef = 8AACE42F2C0C0B6100407868 /* Preview Assets.xcassets */; };
		8AACE4382C0C0BC400407868 /* Ink in Frameworks */ = {isa = PBXBuildFile; productRef = 8AACE4372C0C0BC400407868 /* Ink */; };
		8AC4FC082C0C0F2F0025209B /* WebViewComponent.swift in Sources */ = {isa = PBXBuildFile; fileRef = 8AC4FC072C0C0F2F0025209B /* WebViewComponent.swift */; };
		8AC4FC0E2C0F0CD60025209B /* Configuration.swift in Sources */ = {isa = PBXBuildFile; fileRef = 8AC4FC0D2C0F0CD60025209B /* Configuration.swift */; };
		8AC4FC102C0F0FD10025209B /* ConfigView.swift in Sources */ = {isa = PBXBuildFile; fileRef = 8AC4FC0F2C0F0FD10025209B /* ConfigView.swift */; };
/* End PBXBuildFile section */

/* Begin PBXFileReference section */
		8AACE4252C0C0B6000407868 /* SwiftUI3rdComponent.app */ = {isa = PBXFileReference; explicitFileType = wrapper.application; includeInIndex = 0; path = SwiftUI3rdComponent.app; sourceTree = BUILT_PRODUCTS_DIR; };
		8AACE4282C0C0B6000407868 /* SwiftUI3rdComponentApp.swift */ = {isa = PBXFileReference; lastKnownFileType = sourcecode.swift; path = SwiftUI3rdComponentApp.swift; sourceTree = "<group>"; };
		8AACE42A2C0C0B6000407868 /* ContentView.swift */ = {isa = PBXFileReference; lastKnownFileType = sourcecode.swift; path = ContentView.swift; sourceTree = "<group>"; };
		8AACE42C2C0C0B6100407868 /* Assets.xcassets */ = {isa = PBXFileReference; lastKnownFileType = folder.assetcatalog; path = Assets.xcassets; sourceTree = "<group>"; };
		8AACE42F2C0C0B6100407868 /* Preview Assets.xcassets */ = {isa = PBXFileReference; lastKnownFileType = folder.assetcatalog; path = "Preview Assets.xcassets"; sourceTree = "<group>"; };
		8AC4FC072C0C0F2F0025209B /* WebViewComponent.swift */ = {isa = PBXFileReference; lastKnownFileType = sourcecode.swift; path = WebViewComponent.swift; sourceTree = "<group>"; };
		8AC4FC0A2C0EB17D0025209B /* Development.xcconfig */ = {isa = PBXFileReference; lastKnownFileType = text.xcconfig; path = Development.xcconfig; sourceTree = "<group>"; };
		8AC4FC0B2C0EE31E0025209B /* Production.xcconfig */ = {isa = PBXFileReference; lastKnownFileType = text.xcconfig; path = Production.xcconfig; sourceTree = "<group>"; };
		8AC4FC0C2C0F01720025209B /* Info.plist */ = {isa = PBXFileReference; lastKnownFileType = text.plist; path = Info.plist; sourceTree = "<group>"; };
		8AC4FC0D2C0F0CD60025209B /* Configuration.swift */ = {isa = PBXFileReference; lastKnownFileType = sourcecode.swift; path = Configuration.swift; sourceTree = "<group>"; };
		8AC4FC0F2C0F0FD10025209B /* ConfigView.swift */ = {isa = PBXFileReference; lastKnownFileType = sourcecode.swift; path = ConfigView.swift; sourceTree = "<group>"; };
/* End PBXFileReference section */

/* Begin PBXFrameworksBuildPhase section */
		8AACE4222C0C0B6000407868 /* Frameworks */ = {
			isa = PBXFrameworksBuildPhase;
			buildActionMask = 2147483647;
			files = (
				8AACE4382C0C0BC400407868 /* Ink in Frameworks */,
			);
			runOnlyForDeploymentPostprocessing = 0;
		};
/* End PBXFrameworksBuildPhase section */

/* Begin PBXGroup section */
		8AACE41C2C0C0B6000407868 = {
			isa = PBXGroup;
			children = (
				8AACE4272C0C0B6000407868 /* SwiftUI3rdComponent */,
				8AACE4262C0C0B6000407868 /* Products */,
			);
			sourceTree = "<group>";
		};
		8AACE4262C0C0B6000407868 /* Products */ = {
			isa = PBXGroup;
			children = (
				8AACE4252C0C0B6000407868 /* SwiftUI3rdComponent.app */,
			);
			name = Products;
			sourceTree = "<group>";
		};
		8AACE4272C0C0B6000407868 /* SwiftUI3rdComponent */ = {
			isa = PBXGroup;
			children = (
				8AC4FC0C2C0F01720025209B /* Info.plist */,
				8AC4FC092C0EB1430025209B /* Shared */,
				8AC4FC062C0C0E900025209B /* Component */,
				8AACE4282C0C0B6000407868 /* SwiftUI3rdComponentApp.swift */,
				8AACE42A2C0C0B6000407868 /* ContentView.swift */,
				8AACE42C2C0C0B6100407868 /* Assets.xcassets */,
				8AACE42E2C0C0B6100407868 /* Preview Content */,
			);
			path = SwiftUI3rdComponent;
			sourceTree = "<group>";
		};
		8AACE42E2C0C0B6100407868 /* Preview Content */ = {
			isa = PBXGroup;
			children = (
				8AACE42F2C0C0B6100407868 /* Preview Assets.xcassets */,
			);
			path = "Preview Content";
			sourceTree = "<group>";
		};
		8AC4FC062C0C0E900025209B /* Component */ = {
			isa = PBXGroup;
			children = (
				8AC4FC072C0C0F2F0025209B /* WebViewComponent.swift */,
				8AC4FC0F2C0F0FD10025209B /* ConfigView.swift */,
			);
			path = Component;
			sourceTree = "<group>";
		};
		8AC4FC092C0EB1430025209B /* Shared */ = {
			isa = PBXGroup;
			children = (
				8AC4FC0A2C0EB17D0025209B /* Development.xcconfig */,
				8AC4FC0B2C0EE31E0025209B /* Production.xcconfig */,
				8AC4FC0D2C0F0CD60025209B /* Configuration.swift */,
			);
			path = Shared;
			sourceTree = "<group>";
		};
/* End PBXGroup section */

/* Begin PBXNativeTarget section */
		8AACE4242C0C0B6000407868 /* SwiftUI3rdComponent */ = {
			isa = PBXNativeTarget;
			buildConfigurationList = 8AACE4332C0C0B6100407868 /* Build configuration list for PBXNativeTarget "SwiftUI3rdComponent" */;
			buildPhases = (
				8AACE4212C0C0B6000407868 /* Sources */,
				8AACE4222C0C0B6000407868 /* Frameworks */,
				8AACE4232C0C0B6000407868 /* Resources */,
			);
			buildRules = (
			);
			dependencies = (
			);
			name = SwiftUI3rdComponent;
			packageProductDependencies = (
				8AACE4372C0C0BC400407868 /* Ink */,
			);
			productName = SwiftUI3rdComponent;
			productReference = 8AACE4252C0C0B6000407868 /* SwiftUI3rdComponent.app */;
			productType = "com.apple.product-type.application";
		};
/* End PBXNativeTarget section */

/* Begin PBXProject section */
		8AACE41D2C0C0B6000407868 /* Project object */ = {
			isa = PBXProject;
			attributes = {
				BuildIndependentTargetsInParallel = 1;
				LastSwiftUpdateCheck = 1530;
				LastUpgradeCheck = 1530;
				TargetAttributes = {
					8AACE4242C0C0B6000407868 = {
						CreatedOnToolsVersion = 15.3;
					};
				};
			};
			buildConfigurationList = 8AACE4202C0C0B6000407868 /* Build configuration list for PBXProject "SwiftUI3rdComponent" */;
			compatibilityVersion = "Xcode 14.0";
			developmentRegion = en;
			hasScannedForEncodings = 0;
			knownRegions = (
				en,
				Base,
			);
			mainGroup = 8AACE41C2C0C0B6000407868;
			packageReferences = (
				8AACE4362C0C0BC400407868 /* XCRemoteSwiftPackageReference "Ink" */,
			);
			productRefGroup = 8AACE4262C0C0B6000407868 /* Products */;
			projectDirPath = "";
			projectRoot = "";
			targets = (
				8AACE4242C0C0B6000407868 /* SwiftUI3rdComponent */,
			);
		};
/* End PBXProject section */

/* Begin PBXResourcesBuildPhase section */
		8AACE4232C0C0B6000407868 /* Resources */ = {
			isa = PBXResourcesBuildPhase;
			buildActionMask = 2147483647;
			files = (
				8AACE4302C0C0B6100407868 /* Preview Assets.xcassets in Resources */,
				8AACE42D2C0C0B6100407868 /* Assets.xcassets in Resources */,
			);
			runOnlyForDeploymentPostprocessing = 0;
		};
/* End PBXResourcesBuildPhase section */

/* Begin PBXSourcesBuildPhase section */
		8AACE4212C0C0B6000407868 /* Sources */ = {
			isa = PBXSourcesBuildPhase;
			buildActionMask = 2147483647;
			files = (
				8AC4FC082C0C0F2F0025209B /* WebViewComponent.swift in Sources */,
				8AC4FC102C0F0FD10025209B /* ConfigView.swift in Sources */,
				8AACE42B2C0C0B6000407868 /* ContentView.swift in Sources */,
				8AC4FC0E2C0F0CD60025209B /* Configuration.swift in Sources */,
				8AACE4292C0C0B6000407868 /* SwiftUI3rdComponentApp.swift in Sources */,
			);
			runOnlyForDeploymentPostprocessing = 0;
		};
/* End PBXSourcesBuildPhase section */

/* Begin XCBuildConfiguration section */
		8AACE4312C0C0B6100407868 /* Debug */ = {
			isa = XCBuildConfiguration;
			baseConfigurationReference = 8AC4FC0A2C0EB17D0025209B /* Development.xcconfig */;
			buildSettings = {
				ALWAYS_SEARCH_USER_PATHS = NO;
				ASSETCATALOG_COMPILER_GENERATE_SWIFT_ASSET_SYMBOL_EXTENSIONS = YES;
				CLANG_ANALYZER_NONNULL = YES;
				CLANG_ANALYZER_NUMBER_OBJECT_CONVERSION = YES_AGGRESSIVE;
				CLANG_CXX_LANGUAGE_STANDARD = "gnu++20";
				CLANG_ENABLE_MODULES = YES;
				CLANG_ENABLE_OBJC_ARC = YES;
				CLANG_ENABLE_OBJC_WEAK = YES;
				CLANG_WARN_BLOCK_CAPTURE_AUTORELEASING = YES;
				CLANG_WARN_BOOL_CONVERSION = YES;
				CLANG_WARN_COMMA = YES;
				CLANG_WARN_CONSTANT_CONVERSION = YES;
				CLANG_WARN_DEPRECATED_OBJC_IMPLEMENTATIONS = YES;
				CLANG_WARN_DIRECT_OBJC_ISA_USAGE = YES_ERROR;
				CLANG_WARN_DOCUMENTATION_COMMENTS = YES;
				CLANG_WARN_EMPTY_BODY = YES;
				CLANG_WARN_ENUM_CONVERSION = YES;
				CLANG_WARN_INFINITE_RECURSION = YES;
				CLANG_WARN_INT_CONVERSION = YES;
				CLANG_WARN_NON_LITERAL_NULL_CONVERSION = YES;
				CLANG_WARN_OBJC_IMPLICIT_RETAIN_SELF = YES;
				CLANG_WARN_OBJC_LITERAL_CONVERSION = YES;
				CLANG_WARN_OBJC_ROOT_CLASS = YES_ERROR;
				CLANG_WARN_QUOTED_INCLUDE_IN_FRAMEWORK_HEADER = YES;
				CLANG_WARN_RANGE_LOOP_ANALYSIS = YES;
				CLANG_WARN_STRICT_PROTOTYPES = YES;
				CLANG_WARN_SUSPICIOUS_MOVE = YES;
				CLANG_WARN_UNGUARDED_AVAILABILITY = YES_AGGRESSIVE;
				CLANG_WARN_UNREACHABLE_CODE = YES;
				CLANG_WARN__DUPLICATE_METHOD_MATCH = YES;
				COPY_PHASE_STRIP = NO;
				DEBUG_INFORMATION_FORMAT = dwarf;
				ENABLE_STRICT_OBJC_MSGSEND = YES;
				ENABLE_TESTABILITY = YES;
				ENABLE_USER_SCRIPT_SANDBOXING = YES;
				GCC_C_LANGUAGE_STANDARD = gnu17;
				GCC_DYNAMIC_NO_PIC = NO;
				GCC_NO_COMMON_BLOCKS = YES;
				GCC_OPTIMIZATION_LEVEL = 0;
				GCC_PREPROCESSOR_DEFINITIONS = (
					"DEBUG=1",
					"$(inherited)",
				);
				GCC_WARN_64_TO_32_BIT_CONVERSION = YES;
				GCC_WARN_ABOUT_RETURN_TYPE = YES_ERROR;
				GCC_WARN_UNDECLARED_SELECTOR = YES;
				GCC_WARN_UNINITIALIZED_AUTOS = YES_AGGRESSIVE;
				GCC_WARN_UNUSED_FUNCTION = YES;
				GCC_WARN_UNUSED_VARIABLE = YES;
				IPHONEOS_DEPLOYMENT_TARGET = 17.4;
				LOCALIZATION_PREFERS_STRING_CATALOGS = YES;
				MTL_ENABLE_DEBUG_INFO = INCLUDE_SOURCE;
				MTL_FAST_MATH = YES;
				ONLY_ACTIVE_ARCH = YES;
				SDKROOT = iphoneos;
				SWIFT_ACTIVE_COMPILATION_CONDITIONS = "DEBUG $(inherited)";
				SWIFT_OPTIMIZATION_LEVEL = "-Onone";
			};
			name = Debug;
		};
		8AACE4322C0C0B6100407868 /* Release */ = {
			isa = XCBuildConfiguration;
			baseConfigurationReference = 8AC4FC0B2C0EE31E0025209B /* Production.xcconfig */;
			buildSettings = {
				ALWAYS_SEARCH_USER_PATHS = NO;
				ASSETCATALOG_COMPILER_GENERATE_SWIFT_ASSET_SYMBOL_EXTENSIONS = YES;
				CLANG_ANALYZER_NONNULL = YES;
				CLANG_ANALYZER_NUMBER_OBJECT_CONVERSION = YES_AGGRESSIVE;
				CLANG_CXX_LANGUAGE_STANDARD = "gnu++20";
				CLANG_ENABLE_MODULES = YES;
				CLANG_ENABLE_OBJC_ARC = YES;
				CLANG_ENABLE_OBJC_WEAK = YES;
				CLANG_WARN_BLOCK_CAPTURE_AUTORELEASING = YES;
				CLANG_WARN_BOOL_CONVERSION = YES;
				CLANG_WARN_COMMA = YES;
				CLANG_WARN_CONSTANT_CONVERSION = YES;
				CLANG_WARN_DEPRECATED_OBJC_IMPLEMENTATIONS = YES;
				CLANG_WARN_DIRECT_OBJC_ISA_USAGE = YES_ERROR;
				CLANG_WARN_DOCUMENTATION_COMMENTS = YES;
				CLANG_WARN_EMPTY_BODY = YES;
				CLANG_WARN_ENUM_CONVERSION = YES;
				CLANG_WARN_INFINITE_RECURSION = YES;
				CLANG_WARN_INT_CONVERSION = YES;
				CLANG_WARN_NON_LITERAL_NULL_CONVERSION = YES;
				CLANG_WARN_OBJC_IMPLICIT_RETAIN_SELF = YES;
				CLANG_WARN_OBJC_LITERAL_CONVERSION = YES;
				CLANG_WARN_OBJC_ROOT_CLASS = YES_ERROR;
				CLANG_WARN_QUOTED_INCLUDE_IN_FRAMEWORK_HEADER = YES;
				CLANG_WARN_RANGE_LOOP_ANALYSIS = YES;
				CLANG_WARN_STRICT_PROTOTYPES = YES;
				CLANG_WARN_SUSPICIOUS_MOVE = YES;
				CLANG_WARN_UNGUARDED_AVAILABILITY = YES_AGGRESSIVE;
				CLANG_WARN_UNREACHABLE_CODE = YES;
				CLANG_WARN__DUPLICATE_METHOD_MATCH = YES;
				COPY_PHASE_STRIP = NO;
				DEBUG_INFORMATION_FORMAT = "dwarf-with-dsym";
				ENABLE_NS_ASSERTIONS = NO;
				ENABLE_STRICT_OBJC_MSGSEND = YES;
				ENABLE_USER_SCRIPT_SANDBOXING = YES;
				GCC_C_LANGUAGE_STANDARD = gnu17;
				GCC_NO_COMMON_BLOCKS = YES;
				GCC_WARN_64_TO_32_BIT_CONVERSION = YES;
				GCC_WARN_ABOUT_RETURN_TYPE = YES_ERROR;
				GCC_WARN_UNDECLARED_SELECTOR = YES;
				GCC_WARN_UNINITIALIZED_AUTOS = YES_AGGRESSIVE;
				GCC_WARN_UNUSED_FUNCTION = YES;
				GCC_WARN_UNUSED_VARIABLE = YES;
				IPHONEOS_DEPLOYMENT_TARGET = 17.4;
				LOCALIZATION_PREFERS_STRING_CATALOGS = YES;
				MTL_ENABLE_DEBUG_INFO = NO;
				MTL_FAST_MATH = YES;
				SDKROOT = iphoneos;
				SWIFT_COMPILATION_MODE = wholemodule;
				VALIDATE_PRODUCT = YES;
			};
			name = Release;
		};
		8AACE4342C0C0B6100407868 /* Debug */ = {
			isa = XCBuildConfiguration;
			buildSettings = {
				ASSETCATALOG_COMPILER_APPICON_NAME = AppIcon;
				ASSETCATALOG_COMPILER_GLOBAL_ACCENT_COLOR_NAME = AccentColor;
				CODE_SIGN_STYLE = Automatic;
				CURRENT_PROJECT_VERSION = 1;
				DEVELOPMENT_ASSET_PATHS = "\"SwiftUI3rdComponent/Preview Content\"";
				DEVELOPMENT_TEAM = 62DH2Z26V5;
				ENABLE_PREVIEWS = YES;
				GENERATE_INFOPLIST_FILE = YES;
				INFOPLIST_FILE = SwiftUI3rdComponent/Info.plist;
				INFOPLIST_KEY_UIApplicationSceneManifest_Generation = YES;
				INFOPLIST_KEY_UIApplicationSupportsIndirectInputEvents = YES;
				INFOPLIST_KEY_UILaunchScreen_Generation = YES;
				INFOPLIST_KEY_UISupportedInterfaceOrientations_iPad = "UIInterfaceOrientationPortrait UIInterfaceOrientationPortraitUpsideDown UIInterfaceOrientationLandscapeLeft UIInterfaceOrientationLandscapeRight";
				INFOPLIST_KEY_UISupportedInterfaceOrientations_iPhone = "UIInterfaceOrientationPortrait UIInterfaceOrientationLandscapeLeft UIInterfaceOrientationLandscapeRight";
				LD_RUNPATH_SEARCH_PATHS = (
					"$(inherited)",
					"@executable_path/Frameworks",
				);
				MARKETING_VERSION = 1.0;
				PRODUCT_BUNDLE_IDENTIFIER = ke.SwiftUI3rdComponent;
				PRODUCT_NAME = "$(TARGET_NAME)";
				SWIFT_EMIT_LOC_STRINGS = YES;
				SWIFT_VERSION = 5.0;
				TARGETED_DEVICE_FAMILY = "1,2";
			};
			name = Debug;
		};
		8AACE4352C0C0B6100407868 /* Release */ = {
			isa = XCBuildConfiguration;
			buildSettings = {
				ASSETCATALOG_COMPILER_APPICON_NAME = AppIcon;
				ASSETCATALOG_COMPILER_GLOBAL_ACCENT_COLOR_NAME = AccentColor;
				CODE_SIGN_STYLE = Automatic;
				CURRENT_PROJECT_VERSION = 1;
				DEVELOPMENT_ASSET_PATHS = "\"SwiftUI3rdComponent/Preview Content\"";
				DEVELOPMENT_TEAM = 62DH2Z26V5;
				ENABLE_PREVIEWS = YES;
				GENERATE_INFOPLIST_FILE = YES;
				INFOPLIST_FILE = SwiftUI3rdComponent/Info.plist;
				INFOPLIST_KEY_UIApplicationSceneManifest_Generation = YES;
				INFOPLIST_KEY_UIApplicationSupportsIndirectInputEvents = YES;
				INFOPLIST_KEY_UILaunchScreen_Generation = YES;
				INFOPLIST_KEY_UISupportedInterfaceOrientations_iPad = "UIInterfaceOrientationPortrait UIInterfaceOrientationPortraitUpsideDown UIInterfaceOrientationLandscapeLeft UIInterfaceOrientationLandscapeRight";
				INFOPLIST_KEY_UISupportedInterfaceOrientations_iPhone = "UIInterfaceOrientationPortrait UIInterfaceOrientationLandscapeLeft UIInterfaceOrientationLandscapeRight";
				LD_RUNPATH_SEARCH_PATHS = (
					"$(inherited)",
					"@executable_path/Frameworks",
				);
				MARKETING_VERSION = 1.0;
				PRODUCT_BUNDLE_IDENTIFIER = ke.SwiftUI3rdComponent;
				PRODUCT_NAME = "$(TARGET_NAME)";
				SWIFT_EMIT_LOC_STRINGS = YES;
				SWIFT_VERSION = 5.0;
				TARGETED_DEVICE_FAMILY = "1,2";
			};
			name = Release;
		};
/* End XCBuildConfiguration section */

/* Begin XCConfigurationList section */
		8AACE4202C0C0B6000407868 /* Build configuration list for PBXProject "SwiftUI3rdComponent" */ = {
			isa = XCConfigurationList;
			buildConfigurations = (
				8AACE4312C0C0B6100407868 /* Debug */,
				8AACE4322C0C0B6100407868 /* Release */,
			);
			defaultConfigurationIsVisible = 0;
			defaultConfigurationName = Release;
		};
		8AACE4332C0C0B6100407868 /* Build configuration list for PBXNativeTarget "SwiftUI3rdComponent" */ = {
			isa = XCConfigurationList;
			buildConfigurations = (
				8AACE4342C0C0B6100407868 /* Debug */,
				8AACE4352C0C0B6100407868 /* Release */,
			);
			defaultConfigurationIsVisible = 0;
			defaultConfigurationName = Release;
		};
/* End XCConfigurationList section */

/* Begin XCRemoteSwiftPackageReference section */
		8AACE4362C0C0BC400407868 /* XCRemoteSwiftPackageReference "Ink" */ = {
			isa = XCRemoteSwiftPackageReference;
			repositoryURL = "https://github.com/JohnSundell/Ink";
			requirement = {
				kind = upToNextMajorVersion;
				minimumVersion = 0.6.0;
			};
		};
/* End XCRemoteSwiftPackageReference section */

/* Begin XCSwiftPackageProductDependency section */
		8AACE4372C0C0BC400407868 /* Ink */ = {
			isa = XCSwiftPackageProductDependency;
			package = 8AACE4362C0C0BC400407868 /* XCRemoteSwiftPackageReference "Ink" */;
			productName = Ink;
		};
/* End XCSwiftPackageProductDependency section */
	};
	rootObject = 8AACE41D2C0C0B6000407868 /* Project object */;
}
